# This file is automatically @generated by Cargo.
# It is not intended for manual editing.
version = 3

[[package]]
name = "bitflags"
version = "0.1.1"
source = "registry+https://github.com/rust-lang/crates.io-index"
checksum = "2a6577517ecd0ee0934f48a7295a89aaef3e6dfafeac404f94c0b3448518ddfe"

[[package]]
name = "cc"
version = "1.0.83"
source = "registry+https://github.com/rust-lang/crates.io-index"
checksum = "f1174fb0b6ec23863f8b971027804a42614e347eafb0a95bf0b12cdae21fc4d0"
dependencies = [
 "libc",
]

[[package]]
name = "lazy_static"
version = "0.1.16"
source = "registry+https://github.com/rust-lang/crates.io-index"
checksum = "cf186d1a8aa5f5bee5fd662bc9c1b949e0259e1bcc379d1f006847b0080c7417"

[[package]]
name = "libc"
version = "0.2.148"
source = "registry+https://github.com/rust-lang/crates.io-index"
checksum = "9cdc71e17332e86d2e1d38c1f99edcb6288ee11b815fb1a4b049eaa2114d369b"

[[package]]
name = "pkg-config"
version = "0.3.27"
source = "registry+https://github.com/rust-lang/crates.io-index"
checksum = "26072860ba924cbfa98ea39c8c19b4dd6a4a25423dbdf219c1eca91aa0cf6964"

[[package]]
name = "tcod"
version = "0.15.0"
source = "registry+https://github.com/rust-lang/crates.io-index"
checksum = "44e518b0661949712e8dbc6d6d9d7c00a405dd88bc539102c1edfc2d22e5e144"
dependencies = [
 "bitflags",
 "lazy_static",
 "tcod-sys",
]

[[package]]
name = "tcod-sys"
version = "5.0.1"
source = "registry+https://github.com/rust-lang/crates.io-index"
checksum = "730fb27d2261f7c860ae7a61c3ae70277f0836173ceeccb594193abb4fa5f4aa"
dependencies = [
 "cc",
 "pkg-config",
]

[[package]]
name = "unkindred-hearts"
version = "0.1.0"
dependencies = [
 "tcod",
]
